
Microsoft Visual Studio Solution File, Format Version 12.00
# Visual Studio Version 16
VisualStudioVersion = 16.0.31911.196
MinimumVisualStudioVersion = 10.0.40219.1
Project("{FAE04EC0-301F-11D3-BF4B-00C04F79EFBC}") = "BankTransactions", "BankTransactions.csproj", "{A32950F2-D0BF-4F36-874B-D154C50F4AE6}"
EndProject
Global
	GlobalSection(SolutionConfigurationPlatforms) = preSolution
		Debug|Any CPU = Debug|Any CPU
		Release|Any CPU = Release|Any CPU
	EndGlobalSection
	GlobalSection(ProjectConfigurationPlatforms) = postSolution
		{A32950F2-D0BF-4F36-874B-D154C50F4AE6}.Debug|Any CPU.ActiveCfg = Debug|Any CPU
		{A32950F2-D0BF-4F36-874B-D154C50F4AE6}.Debug|Any CPU.Build.0 = Debug|Any CPU
		{A32950F2-D0BF-4F36-874B-D154C50F4AE6}.Release|Any CPU.ActiveCfg = Release|Any CPU
		{A32950F2-D0BF-4F36-874B-D154C50F4AE6}.Release|Any CPU.Build.0 = Release|Any CPU
	EndGlobalSection
	GlobalSection(SolutionProperties) = preSolution
		HideSolutionNode = FALSE
	EndGlobalSection
	GlobalSection(ExtensibilityGlobals) = postSolution
		SolutionGuid = {E7D2D0A0-93FD-42DC-8E2D-33365FF0118C}
	EndGlobalSection
EndGlobal
